
Microsoft Visual Studio Solution File, Format Version 12.00
# Visual Studio Version 17
VisualStudioVersion = 17.3.32929.385
MinimumVisualStudioVersion = 10.0.40219.1
Project("{9A19103F-16F7-4668-BE54-9A1E7A4F7556}") = "BusinessLayer", "BusinessLayer\BusinessLayer.csproj", "{83D543DB-AE8B-4EED-89B2-4B6075E8E55F}"
EndProject
Project("{9A19103F-16F7-4668-BE54-9A1E7A4F7556}") = "EntitiesLayer", "EntitiesLayer\EntitiesLayer.csproj", "{1A69BC12-1471-43C0-A8CD-948F15F73003}"
EndProject
Project("{9A19103F-16F7-4668-BE54-9A1E7A4F7556}") = "DataAccessLayer", "DataAccessLayer\DataAccessLayer.csproj", "{3EB0C5F1-4669-46C5-A9F4-01BBFEE56BF2}"
EndProject
Project("{9A19103F-16F7-4668-BE54-9A1E7A4F7556}") = "AdminUI", "AdminUI\AdminUI.csproj", "{0FCDC111-2071-47AA-AF9A-57D7D7853631}"
EndProject
Project("{FAE04EC0-301F-11D3-BF4B-00C04F79EFBC}") = "HomePageUI", "HomePageUI\HomePageUI.csproj", "{EBF04986-894C-4A27-A4A8-A819592D056E}"
EndProject
Global
	GlobalSection(SolutionConfigurationPlatforms) = preSolution
		Debug|Any CPU = Debug|Any CPU
		Release|Any CPU = Release|Any CPU
	EndGlobalSection
	GlobalSection(ProjectConfigurationPlatforms) = postSolution
		{83D543DB-AE8B-4EED-89B2-4B6075E8E55F}.Debug|Any CPU.ActiveCfg = Debug|Any CPU
		{83D543DB-AE8B-4EED-89B2-4B6075E8E55F}.Debug|Any CPU.Build.0 = Debug|Any CPU
		{83D543DB-AE8B-4EED-89B2-4B6075E8E55F}.Release|Any CPU.ActiveCfg = Release|Any CPU
		{83D543DB-AE8B-4EED-89B2-4B6075E8E55F}.Release|Any CPU.Build.0 = Release|Any CPU
		{1A69BC12-1471-43C0-A8CD-948F15F73003}.Debug|Any CPU.ActiveCfg = Debug|Any CPU
		{1A69BC12-1471-43C0-A8CD-948F15F73003}.Debug|Any CPU.Build.0 = Debug|Any CPU
		{1A69BC12-1471-43C0-A8CD-948F15F73003}.Release|Any CPU.ActiveCfg = Release|Any CPU
		{1A69BC12-1471-43C0-A8CD-948F15F73003}.Release|Any CPU.Build.0 = Release|Any CPU
		{3EB0C5F1-4669-46C5-A9F4-01BBFEE56BF2}.Debug|Any CPU.ActiveCfg = Debug|Any CPU
		{3EB0C5F1-4669-46C5-A9F4-01BBFEE56BF2}.Debug|Any CPU.Build.0 = Debug|Any CPU
		{3EB0C5F1-4669-46C5-A9F4-01BBFEE56BF2}.Release|Any CPU.ActiveCfg = Release|Any CPU
		{3EB0C5F1-4669-46C5-A9F4-01BBFEE56BF2}.Release|Any CPU.Build.0 = Release|Any CPU
		{0FCDC111-2071-47AA-AF9A-57D7D7853631}.Debug|Any CPU.ActiveCfg = Debug|Any CPU
		{0FCDC111-2071-47AA-AF9A-57D7D7853631}.Debug|Any CPU.Build.0 = Debug|Any CPU
		{0FCDC111-2071-47AA-AF9A-57D7D7853631}.Release|Any CPU.ActiveCfg = Release|Any CPU
		{0FCDC111-2071-47AA-AF9A-57D7D7853631}.Release|Any CPU.Build.0 = Release|Any CPU
		{EBF04986-894C-4A27-A4A8-A819592D056E}.Debug|Any CPU.ActiveCfg = Debug|Any CPU
		{EBF04986-894C-4A27-A4A8-A819592D056E}.Debug|Any CPU.Build.0 = Debug|Any CPU
		{EBF04986-894C-4A27-A4A8-A819592D056E}.Release|Any CPU.ActiveCfg = Release|Any CPU
		{EBF04986-894C-4A27-A4A8-A819592D056E}.Release|Any CPU.Build.0 = Release|Any CPU
	EndGlobalSection
	GlobalSection(SolutionProperties) = preSolution
		HideSolutionNode = FALSE
	EndGlobalSection
	GlobalSection(ExtensibilityGlobals) = postSolution
		SolutionGuid = {3D134757-A17A-4C8D-880F-438A12D73648}
	EndGlobalSection
EndGlobal
